
Microsoft Visual Studio Solution File, Format Version 12.00
# Visual Studio Version 16
VisualStudioVersion = 16.0.29905.134
MinimumVisualStudioVersion = 10.0.40219.1
Project("{FAE04EC0-301F-11D3-BF4B-00C04F79EFBC}") = "FitbitConnector", "FitbitConnector\FitbitConnector.csproj", "{1D01472C-2F07-4564-ACE1-696C6E43C008}"
EndProject
Project("{FAE04EC0-301F-11D3-BF4B-00C04F79EFBC}") = "FitbitApiLibrary", "FitbitApiLibrary\FitbitApiLibrary.csproj", "{D1BAA376-EC84-4AB9-A044-3736D2F7F6BC}"
EndProject
Global
	GlobalSection(SolutionConfigurationPlatforms) = preSolution
		Debug|Any CPU = Debug|Any CPU
		Release|Any CPU = Release|Any CPU
	EndGlobalSection
	GlobalSection(ProjectConfigurationPlatforms) = postSolution
		{1D01472C-2F07-4564-ACE1-696C6E43C008}.Debug|Any CPU.ActiveCfg = Debug|Any CPU
		{1D01472C-2F07-4564-ACE1-696C6E43C008}.Debug|Any CPU.Build.0 = Debug|Any CPU
		{1D01472C-2F07-4564-ACE1-696C6E43C008}.Release|Any CPU.ActiveCfg = Release|Any CPU
		{1D01472C-2F07-4564-ACE1-696C6E43C008}.Release|Any CPU.Build.0 = Release|Any CPU
		{D1BAA376-EC84-4AB9-A044-3736D2F7F6BC}.Debug|Any CPU.ActiveCfg = Debug|Any CPU
		{D1BAA376-EC84-4AB9-A044-3736D2F7F6BC}.Debug|Any CPU.Build.0 = Debug|Any CPU
		{D1BAA376-EC84-4AB9-A044-3736D2F7F6BC}.Release|Any CPU.ActiveCfg = Release|Any CPU
		{D1BAA376-EC84-4AB9-A044-3736D2F7F6BC}.Release|Any CPU.Build.0 = Release|Any CPU
	EndGlobalSection
	GlobalSection(SolutionProperties) = preSolution
		HideSolutionNode = FALSE
	EndGlobalSection
	GlobalSection(ExtensibilityGlobals) = postSolution
		SolutionGuid = {F5314396-EACD-4B3D-B19B-7561F1224F80}
	EndGlobalSection
EndGlobal
